version: 2.0
shards:
  azu:
    git: https://github.com/azutoolkit/azu.git
    version: 0.1.11

  backtracer:
    git: https://github.com/sija/backtracer.cr.git
    version: 1.2.1

  crinja:
    git: https://github.com/straight-shoota/crinja.git
    version: 0.8.0

  cron_parser:
    git: https://github.com/kostya/cron_parser.git
    version: 0.4.0

  exception_page:
    git: https://github.com/crystal-loot/exception_page.git
    version: 0.3.0

  joobq:
    git: https://github.com/azutoolkit/joobq.git
    version: 0.3.0

  pool:
    git: https://github.com/ysbaddaden/pool.git
    version: 0.2.4

  radix:
    git: https://github.com/luislavena/radix.git
    version: 0.4.1

  redis:
    git: https://github.com/stefanwille/crystal-redis.git
    version: 2.7.0

  schema:
    git: https://github.com/eliasjpr/schema.git
    version: 0.2.1

