version: 2.0
shards:
  azu:
    git: https://github.com/eliasjpr/azu.git
    version: 0.1.0+git.commit.da5556bf49dc7c50fcfaaf05f196cf2531f6ff6f

  crinja:
    git: https://github.com/straight-shoota/crinja.git
    version: 0.6.1

  cron_parser:
    git: https://github.com/kostya/cron_parser.git
    version: 0.3.0

  exception_page:
    git: https://github.com/crystal-loot/exception_page.git
    version: 0.1.4

  joobq:
    git: https://github.com/eliasjpr/joobq.git
    version: 0.1.0+git.commit.a737c5f1220d414e7012d104d230e606eb615de5

  pool:
    git: https://github.com/ysbaddaden/pool.git
    version: 0.2.3

  radix:
    git: https://github.com/luislavena/radix.git
    version: 0.3.9

  redis:
    git: https://github.com/stefanwille/crystal-redis.git
    version: 2.6.0

  schema:
    git: https://github.com/eliasjpr/schema.git
    version: 0.1.0+git.commit.e2bb39b2d2ce5c4c214f5fb4bdf87d4379dafc87

