version: 2.0
shards:
  admiral:
    git: https://github.com/jwaldrip/admiral.cr.git
    version: 1.11.4

  azu:
    git: https://github.com/azutoolkit/azu.git
    version: 0.1.5

  backtracer:
    git: https://github.com/sija/backtracer.cr.git
    version: 1.2.1

  clear:
    git: https://github.com/anykeyh/clear.git
    version: 0.9+git.commit.775e877c4f961da01fa621ae7ca302cb735198df

  crinja:
    git: https://github.com/straight-shoota/crinja.git
    version: 0.7.0

  crometheus:
    path: ../crometheus
    version: 0.3.0

  cron_parser:
    git: https://github.com/kostya/cron_parser.git
    version: 0.4.0

  db:
    git: https://github.com/crystal-lang/crystal-db.git
    version: 0.10.1

  exception_page:
    git: https://github.com/crystal-loot/exception_page.git
    version: 0.2.0

  generate:
    git: https://github.com/anykeyh/generate.cr.git
    version: 0.1.0+git.commit.f5dafc934a70e0ee2f246dddf3df44686f844da2

  inflector:
    git: https://github.com/anykeyh/inflector.cr.git
    version: 0.1.8+git.commit.dc5c898b0a834617d8b3ff73ac5a2239bd9fc019

  joobq:
    git: https://github.com/azutoolkit/joobq.git
    version: 0.2.1

  pg:
    git: https://github.com/will/crystal-pg.git
    version: 0.23.2

  pool:
    git: https://github.com/ysbaddaden/pool.git
    version: 0.2.4

  radix:
    git: https://github.com/luislavena/radix.git
    version: 0.4.1

  redis:
    git: https://github.com/stefanwille/crystal-redis.git
    version: 2.7.0

  schema:
    git: https://github.com/eliasjpr/schema.git
    version: 0.2.1

